
Microsoft Visual Studio Solution File, Format Version 12.00
Project("{2150E333-8FDC-42A3-9474-1A3956D46DE8}") = "src", "src", "{827E0CD3-B72D-47B6-A68D-7590B98EB39B}"
EndProject
Project("{FAE04EC0-301F-11D3-BF4B-00C04F79EFBC}") = "KennelTrace.Web", "src\KennelTrace.Web\KennelTrace.Web.csproj", "{E5EC2181-5568-4700-8F4D-D70CDCDC61F6}"
EndProject
Project("{FAE04EC0-301F-11D3-BF4B-00C04F79EFBC}") = "KennelTrace.Domain", "src\KennelTrace.Domain\KennelTrace.Domain.csproj", "{3BE1DD96-FDB1-4BEA-B5D9-D4091C9D15A7}"
EndProject
Project("{FAE04EC0-301F-11D3-BF4B-00C04F79EFBC}") = "KennelTrace.Infrastructure", "src\KennelTrace.Infrastructure\KennelTrace.Infrastructure.csproj", "{38A7AE35-8810-4A2B-A5DB-096E26C0440C}"
EndProject
Project("{2150E333-8FDC-42A3-9474-1A3956D46DE8}") = "tests", "tests", "{0AB3BF05-4346-4AA6-1389-037BE0695223}"
EndProject
Project("{FAE04EC0-301F-11D3-BF4B-00C04F79EFBC}") = "KennelTrace.Tests", "tests\KennelTrace.Tests\KennelTrace.Tests.csproj", "{123FD9D0-DE74-430E-8A4F-702E324BBDD0}"
EndProject
Project("{FAE04EC0-301F-11D3-BF4B-00C04F79EFBC}") = "KennelTrace.PlaywrightTests", "tests\KennelTrace.PlaywrightTests\KennelTrace.PlaywrightTests.csproj", "{15DBC3B0-97ED-4852-8139-754E8DAFDFA0}"
EndProject
Project("{FAE04EC0-301F-11D3-BF4B-00C04F79EFBC}") = "KennelTrace.Web.Tests", "tests\KennelTrace.Web.Tests\KennelTrace.Web.Tests.csproj", "{8CEF115A-E2BB-407E-BC57-8DB146E3CA72}"
EndProject
Global
	GlobalSection(SolutionConfigurationPlatforms) = preSolution
		Debug|Any CPU = Debug|Any CPU
		Debug|x64 = Debug|x64
		Debug|x86 = Debug|x86
		Release|Any CPU = Release|Any CPU
		Release|x64 = Release|x64
		Release|x86 = Release|x86
	EndGlobalSection
	GlobalSection(ProjectConfigurationPlatforms) = postSolution
		{E5EC2181-5568-4700-8F4D-D70CDCDC61F6}.Debug|Any CPU.ActiveCfg = Debug|Any CPU
		{E5EC2181-5568-4700-8F4D-D70CDCDC61F6}.Debug|Any CPU.Build.0 = Debug|Any CPU
		{E5EC2181-5568-4700-8F4D-D70CDCDC61F6}.Debug|x64.ActiveCfg = Debug|Any CPU
		{E5EC2181-5568-4700-8F4D-D70CDCDC61F6}.Debug|x64.Build.0 = Debug|Any CPU
		{E5EC2181-5568-4700-8F4D-D70CDCDC61F6}.Debug|x86.ActiveCfg = Debug|Any CPU
		{E5EC2181-5568-4700-8F4D-D70CDCDC61F6}.Debug|x86.Build.0 = Debug|Any CPU
		{E5EC2181-5568-4700-8F4D-D70CDCDC61F6}.Release|Any CPU.ActiveCfg = Release|Any CPU
		{E5EC2181-5568-4700-8F4D-D70CDCDC61F6}.Release|Any CPU.Build.0 = Release|Any CPU
		{E5EC2181-5568-4700-8F4D-D70CDCDC61F6}.Release|x64.ActiveCfg = Release|Any CPU
		{E5EC2181-5568-4700-8F4D-D70CDCDC61F6}.Release|x64.Build.0 = Release|Any CPU
		{E5EC2181-5568-4700-8F4D-D70CDCDC61F6}.Release|x86.ActiveCfg = Release|Any CPU
		{E5EC2181-5568-4700-8F4D-D70CDCDC61F6}.Release|x86.Build.0 = Release|Any CPU
		{3BE1DD96-FDB1-4BEA-B5D9-D4091C9D15A7}.Debug|Any CPU.ActiveCfg = Debug|Any CPU
		{3BE1DD96-FDB1-4BEA-B5D9-D4091C9D15A7}.Debug|Any CPU.Build.0 = Debug|Any CPU
		{3BE1DD96-FDB1-4BEA-B5D9-D4091C9D15A7}.Debug|x64.ActiveCfg = Debug|Any CPU
		{3BE1DD96-FDB1-4BEA-B5D9-D4091C9D15A7}.Debug|x64.Build.0 = Debug|Any CPU
		{3BE1DD96-FDB1-4BEA-B5D9-D4091C9D15A7}.Debug|x86.ActiveCfg = Debug|Any CPU
		{3BE1DD96-FDB1-4BEA-B5D9-D4091C9D15A7}.Debug|x86.Build.0 = Debug|Any CPU
		{3BE1DD96-FDB1-4BEA-B5D9-D4091C9D15A7}.Release|Any CPU.ActiveCfg = Release|Any CPU
		{3BE1DD96-FDB1-4BEA-B5D9-D4091C9D15A7}.Release|Any CPU.Build.0 = Release|Any CPU
		{3BE1DD96-FDB1-4BEA-B5D9-D4091C9D15A7}.Release|x64.ActiveCfg = Release|Any CPU
		{3BE1DD96-FDB1-4BEA-B5D9-D4091C9D15A7}.Release|x64.Build.0 = Release|Any CPU
		{3BE1DD96-FDB1-4BEA-B5D9-D4091C9D15A7}.Release|x86.ActiveCfg = Release|Any CPU
		{3BE1DD96-FDB1-4BEA-B5D9-D4091C9D15A7}.Release|x86.Build.0 = Release|Any CPU
		{38A7AE35-8810-4A2B-A5DB-096E26C0440C}.Debug|Any CPU.ActiveCfg = Debug|Any CPU
		{38A7AE35-8810-4A2B-A5DB-096E26C0440C}.Debug|Any CPU.Build.0 = Debug|Any CPU
		{38A7AE35-8810-4A2B-A5DB-096E26C0440C}.Debug|x64.ActiveCfg = Debug|Any CPU
		{38A7AE35-8810-4A2B-A5DB-096E26C0440C}.Debug|x64.Build.0 = Debug|Any CPU
		{38A7AE35-8810-4A2B-A5DB-096E26C0440C}.Debug|x86.ActiveCfg = Debug|Any CPU
		{38A7AE35-8810-4A2B-A5DB-096E26C0440C}.Debug|x86.Build.0 = Debug|Any CPU
		{38A7AE35-8810-4A2B-A5DB-096E26C0440C}.Release|Any CPU.ActiveCfg = Release|Any CPU
		{38A7AE35-8810-4A2B-A5DB-096E26C0440C}.Release|Any CPU.Build.0 = Release|Any CPU
		{38A7AE35-8810-4A2B-A5DB-096E26C0440C}.Release|x64.ActiveCfg = Release|Any CPU
		{38A7AE35-8810-4A2B-A5DB-096E26C0440C}.Release|x64.Build.0 = Release|Any CPU
		{38A7AE35-8810-4A2B-A5DB-096E26C0440C}.Release|x86.ActiveCfg = Release|Any CPU
		{38A7AE35-8810-4A2B-A5DB-096E26C0440C}.Release|x86.Build.0 = Release|Any CPU
		{123FD9D0-DE74-430E-8A4F-702E324BBDD0}.Debug|Any CPU.ActiveCfg = Debug|Any CPU
		{123FD9D0-DE74-430E-8A4F-702E324BBDD0}.Debug|Any CPU.Build.0 = Debug|Any CPU
		{123FD9D0-DE74-430E-8A4F-702E324BBDD0}.Debug|x64.ActiveCfg = Debug|Any CPU
		{123FD9D0-DE74-430E-8A4F-702E324BBDD0}.Debug|x64.Build.0 = Debug|Any CPU
		{123FD9D0-DE74-430E-8A4F-702E324BBDD0}.Debug|x86.ActiveCfg = Debug|Any CPU
		{123FD9D0-DE74-430E-8A4F-702E324BBDD0}.Debug|x86.Build.0 = Debug|Any CPU
		{123FD9D0-DE74-430E-8A4F-702E324BBDD0}.Release|Any CPU.ActiveCfg = Release|Any CPU
		{123FD9D0-DE74-430E-8A4F-702E324BBDD0}.Release|Any CPU.Build.0 = Release|Any CPU
		{123FD9D0-DE74-430E-8A4F-702E324BBDD0}.Release|x64.ActiveCfg = Release|Any CPU
		{123FD9D0-DE74-430E-8A4F-702E324BBDD0}.Release|x64.Build.0 = Release|Any CPU
		{123FD9D0-DE74-430E-8A4F-702E324BBDD0}.Release|x86.ActiveCfg = Release|Any CPU
		{123FD9D0-DE74-430E-8A4F-702E324BBDD0}.Release|x86.Build.0 = Release|Any CPU
		{15DBC3B0-97ED-4852-8139-754E8DAFDFA0}.Debug|Any CPU.ActiveCfg = Debug|Any CPU
		{15DBC3B0-97ED-4852-8139-754E8DAFDFA0}.Debug|Any CPU.Build.0 = Debug|Any CPU
		{15DBC3B0-97ED-4852-8139-754E8DAFDFA0}.Debug|x64.ActiveCfg = Debug|Any CPU
		{15DBC3B0-97ED-4852-8139-754E8DAFDFA0}.Debug|x64.Build.0 = Debug|Any CPU
		{15DBC3B0-97ED-4852-8139-754E8DAFDFA0}.Debug|x86.ActiveCfg = Debug|Any CPU
		{15DBC3B0-97ED-4852-8139-754E8DAFDFA0}.Debug|x86.Build.0 = Debug|Any CPU
		{15DBC3B0-97ED-4852-8139-754E8DAFDFA0}.Release|Any CPU.ActiveCfg = Release|Any CPU
		{15DBC3B0-97ED-4852-8139-754E8DAFDFA0}.Release|Any CPU.Build.0 = Release|Any CPU
		{15DBC3B0-97ED-4852-8139-754E8DAFDFA0}.Release|x64.ActiveCfg = Release|Any CPU
		{15DBC3B0-97ED-4852-8139-754E8DAFDFA0}.Release|x64.Build.0 = Release|Any CPU
		{15DBC3B0-97ED-4852-8139-754E8DAFDFA0}.Release|x86.ActiveCfg = Release|Any CPU
		{15DBC3B0-97ED-4852-8139-754E8DAFDFA0}.Release|x86.Build.0 = Release|Any CPU
		{8CEF115A-E2BB-407E-BC57-8DB146E3CA72}.Debug|Any CPU.ActiveCfg = Debug|Any CPU
		{8CEF115A-E2BB-407E-BC57-8DB146E3CA72}.Debug|Any CPU.Build.0 = Debug|Any CPU
		{8CEF115A-E2BB-407E-BC57-8DB146E3CA72}.Debug|x64.ActiveCfg = Debug|Any CPU
		{8CEF115A-E2BB-407E-BC57-8DB146E3CA72}.Debug|x64.Build.0 = Debug|Any CPU
		{8CEF115A-E2BB-407E-BC57-8DB146E3CA72}.Debug|x86.ActiveCfg = Debug|Any CPU
		{8CEF115A-E2BB-407E-BC57-8DB146E3CA72}.Debug|x86.Build.0 = Debug|Any CPU
		{8CEF115A-E2BB-407E-BC57-8DB146E3CA72}.Release|Any CPU.ActiveCfg = Release|Any CPU
		{8CEF115A-E2BB-407E-BC57-8DB146E3CA72}.Release|Any CPU.Build.0 = Release|Any CPU
		{8CEF115A-E2BB-407E-BC57-8DB146E3CA72}.Release|x64.ActiveCfg = Release|Any CPU
		{8CEF115A-E2BB-407E-BC57-8DB146E3CA72}.Release|x64.Build.0 = Release|Any CPU
		{8CEF115A-E2BB-407E-BC57-8DB146E3CA72}.Release|x86.ActiveCfg = Release|Any CPU
		{8CEF115A-E2BB-407E-BC57-8DB146E3CA72}.Release|x86.Build.0 = Release|Any CPU
	EndGlobalSection
	GlobalSection(SolutionProperties) = preSolution
		HideSolutionNode = FALSE
	EndGlobalSection
	GlobalSection(NestedProjects) = preSolution
		{E5EC2181-5568-4700-8F4D-D70CDCDC61F6} = {827E0CD3-B72D-47B6-A68D-7590B98EB39B}
		{3BE1DD96-FDB1-4BEA-B5D9-D4091C9D15A7} = {827E0CD3-B72D-47B6-A68D-7590B98EB39B}
		{38A7AE35-8810-4A2B-A5DB-096E26C0440C} = {827E0CD3-B72D-47B6-A68D-7590B98EB39B}
		{123FD9D0-DE74-430E-8A4F-702E324BBDD0} = {0AB3BF05-4346-4AA6-1389-037BE0695223}
		{15DBC3B0-97ED-4852-8139-754E8DAFDFA0} = {0AB3BF05-4346-4AA6-1389-037BE0695223}
		{8CEF115A-E2BB-407E-BC57-8DB146E3CA72} = {0AB3BF05-4346-4AA6-1389-037BE0695223}
	EndGlobalSection
EndGlobal
